// !$*UTF8*$!
{
	archiveVersion = 1;
	classes = {
	};
	objectVersion = 77;
	objects = {

/* Begin PBXBuildFile section */
		5BBACAD22E79DF6700DEDC0A /* scope Extension.appex in Embed Foundation Extensions */ = {isa = PBXBuildFile; fileRef = 5BBACAD12E79DF6700DEDC0A /* scope Extension.appex */; settings = {ATTRIBUTES = (RemoveHeadersOnCopy, ); }; };
/* End PBXBuildFile section */

/* Begin PBXContainerItemProxy section */
		5BBACABC2E79DF6700DEDC0A /* PBXContainerItemProxy */ = {
			isa = PBXContainerItemProxy;
			containerPortal = 5BBACA972E79DF6500DEDC0A /* Project object */;
			proxyType = 1;
			remoteGlobalIDString = 5BBACA9E2E79DF6500DEDC0A;
			remoteInfo = scope;
		};
		5BBACAC62E79DF6700DEDC0A /* PBXContainerItemProxy */ = {
			isa = PBXContainerItemProxy;
			containerPortal = 5BBACA972E79DF6500DEDC0A /* Project object */;
			proxyType = 1;
			remoteGlobalIDString = 5BBACA9E2E79DF6500DEDC0A;
			remoteInfo = scope;
		};
		5BBACAD32E79DF6700DEDC0A /* PBXContainerItemProxy */ = {
			isa = PBXContainerItemProxy;
			containerPortal = 5BBACA972E79DF6500DEDC0A /* Project object */;
			proxyType = 1;
			remoteGlobalIDString = 5BBACAD02E79DF6700DEDC0A;
			remoteInfo = "scope Extension";
		};
/* End PBXContainerItemProxy section */

/* Begin PBXCopyFilesBuildPhase section */
		5BBACAF12E79DF6700DEDC0A /* Embed Foundation Extensions */ = {
			isa = PBXCopyFilesBuildPhase;
			buildActionMask = 2147483647;
			dstPath = "";
			dstSubfolderSpec = 13;
			files = (
				5BBACAD22E79DF6700DEDC0A /* scope Extension.appex in Embed Foundation Extensions */,
			);
			name = "Embed Foundation Extensions";
			runOnlyForDeploymentPostprocessing = 0;
		};
/* End PBXCopyFilesBuildPhase section */

/* Begin PBXFileReference section */
		5BBACA9F2E79DF6500DEDC0A /* scope.app */ = {isa = PBXFileReference; explicitFileType = wrapper.application; includeInIndex = 0; path = scope.app; sourceTree = BUILT_PRODUCTS_DIR; };
		5BBACABB2E79DF6700DEDC0A /* scopeTests.xctest */ = {isa = PBXFileReference; explicitFileType = wrapper.cfbundle; includeInIndex = 0; path = scopeTests.xctest; sourceTree = BUILT_PRODUCTS_DIR; };
		5BBACAC52E79DF6700DEDC0A /* scopeUITests.xctest */ = {isa = PBXFileReference; explicitFileType = wrapper.cfbundle; includeInIndex = 0; path = scopeUITests.xctest; sourceTree = BUILT_PRODUCTS_DIR; };
		5BBACAD12E79DF6700DEDC0A /* scope Extension.appex */ = {isa = PBXFileReference; explicitFileType = "wrapper.app-extension"; includeInIndex = 0; path = "scope Extension.appex"; sourceTree = BUILT_PRODUCTS_DIR; };
/* End PBXFileReference section */

/* Begin PBXFileSystemSynchronizedBuildFileExceptionSet section */
		5BBACAEB2E79DF6700DEDC0A /* Exceptions for "scope Extension" folder in "scope Extension" target */ = {
			isa = PBXFileSystemSynchronizedBuildFileExceptionSet;
			membershipExceptions = (
				Info.plist,
			);
			target = 5BBACAD02E79DF6700DEDC0A /* scope Extension */;
		};
/* End PBXFileSystemSynchronizedBuildFileExceptionSet section */

/* Begin PBXFileSystemSynchronizedRootGroup section */
		5BBACAA12E79DF6500DEDC0A /* scope */ = {
			isa = PBXFileSystemSynchronizedRootGroup;
			path = scope;
			sourceTree = "<group>";
		};
		5BBACABE2E79DF6700DEDC0A /* scopeTests */ = {
			isa = PBXFileSystemSynchronizedRootGroup;
			path = scopeTests;
			sourceTree = "<group>";
		};
		5BBACAC82E79DF6700DEDC0A /* scopeUITests */ = {
			isa = PBXFileSystemSynchronizedRootGroup;
			path = scopeUITests;
			sourceTree = "<group>";
		};
		5BBACAD52E79DF6700DEDC0A /* scope Extension */ = {
			isa = PBXFileSystemSynchronizedRootGroup;
			exceptions = (
				5BBACAEB2E79DF6700DEDC0A /* Exceptions for "scope Extension" folder in "scope Extension" target */,
			);
			explicitFolders = (
				Resources/_locales,
				Resources/images,
			);
			path = "scope Extension";
			sourceTree = "<group>";
		};
/* End PBXFileSystemSynchronizedRootGroup section */

/* Begin PBXFrameworksBuildPhase section */
		5BBACA9C2E79DF6500DEDC0A /* Frameworks */ = {
			isa = PBXFrameworksBuildPhase;
			buildActionMask = 2147483647;
			files = (
			);
			runOnlyForDeploymentPostprocessing = 0;
		};
		5BBACAB82E79DF6700DEDC0A /* Frameworks */ = {
			isa = PBXFrameworksBuildPhase;
			buildActionMask = 2147483647;
			files = (
			);
			runOnlyForDeploymentPostprocessing = 0;
		};
		5BBACAC22E79DF6700DEDC0A /* Frameworks */ = {
			isa = PBXFrameworksBuildPhase;
			buildActionMask = 2147483647;
			files = (
			);
			runOnlyForDeploymentPostprocessing = 0;
		};
		5BBACACE2E79DF6700DEDC0A /* Frameworks */ = {
			isa = PBXFrameworksBuildPhase;
			buildActionMask = 2147483647;
			files = (
			);
			runOnlyForDeploymentPostprocessing = 0;
		};
/* End PBXFrameworksBuildPhase section */

/* Begin PBXGroup section */
		5BBACA962E79DF6500DEDC0A = {
			isa = PBXGroup;
			children = (
				5BBACAA12E79DF6500DEDC0A /* scope */,
				5BBACABE2E79DF6700DEDC0A /* scopeTests */,
				5BBACAC82E79DF6700DEDC0A /* scopeUITests */,
				5BBACAD52E79DF6700DEDC0A /* scope Extension */,
				5BBACAA02E79DF6500DEDC0A /* Products */,
			);
			sourceTree = "<group>";
		};
		5BBACAA02E79DF6500DEDC0A /* Products */ = {
			isa = PBXGroup;
			children = (
				5BBACA9F2E79DF6500DEDC0A /* scope.app */,
				5BBACABB2E79DF6700DEDC0A /* scopeTests.xctest */,
				5BBACAC52E79DF6700DEDC0A /* scopeUITests.xctest */,
				5BBACAD12E79DF6700DEDC0A /* scope Extension.appex */,
			);
			name = Products;
			sourceTree = "<group>";
		};
/* End PBXGroup section */

/* Begin PBXNativeTarget section */
		5BBACA9E2E79DF6500DEDC0A /* scope */ = {
			isa = PBXNativeTarget;
			buildConfigurationList = 5BBACAF22E79DF6700DEDC0A /* Build configuration list for PBXNativeTarget "scope" */;
			buildPhases = (
				5BBACA9B2E79DF6500DEDC0A /* Sources */,
				5BBACA9C2E79DF6500DEDC0A /* Frameworks */,
				5BBACA9D2E79DF6500DEDC0A /* Resources */,
				5BBACAF12E79DF6700DEDC0A /* Embed Foundation Extensions */,
			);
			buildRules = (
			);
			dependencies = (
				5BBACAD42E79DF6700DEDC0A /* PBXTargetDependency */,
			);
			fileSystemSynchronizedGroups = (
				5BBACAA12E79DF6500DEDC0A /* scope */,
			);
			name = scope;
			packageProductDependencies = (
			);
			productName = scope;
			productReference = 5BBACA9F2E79DF6500DEDC0A /* scope.app */;
			productType = "com.apple.product-type.application";
		};
		5BBACABA2E79DF6700DEDC0A /* scopeTests */ = {
			isa = PBXNativeTarget;
			buildConfigurationList = 5BBACAF52E79DF6700DEDC0A /* Build configuration list for PBXNativeTarget "scopeTests" */;
			buildPhases = (
				5BBACAB72E79DF6700DEDC0A /* Sources */,
				5BBACAB82E79DF6700DEDC0A /* Frameworks */,
				5BBACAB92E79DF6700DEDC0A /* Resources */,
			);
			buildRules = (
			);
			dependencies = (
				5BBACABD2E79DF6700DEDC0A /* PBXTargetDependency */,
			);
			fileSystemSynchronizedGroups = (
				5BBACABE2E79DF6700DEDC0A /* scopeTests */,
			);
			name = scopeTests;
			packageProductDependencies = (
			);
			productName = scopeTests;
			productReference = 5BBACABB2E79DF6700DEDC0A /* scopeTests.xctest */;
			productType = "com.apple.product-type.bundle.unit-test";
		};
		5BBACAC42E79DF6700DEDC0A /* scopeUITests */ = {
			isa = PBXNativeTarget;
			buildConfigurationList = 5BBACAF82E79DF6700DEDC0A /* Build configuration list for PBXNativeTarget "scopeUITests" */;
			buildPhases = (
				5BBACAC12E79DF6700DEDC0A /* Sources */,
				5BBACAC22E79DF6700DEDC0A /* Frameworks */,
				5BBACAC32E79DF6700DEDC0A /* Resources */,
			);
			buildRules = (
			);
			dependencies = (
				5BBACAC72E79DF6700DEDC0A /* PBXTargetDependency */,
			);
			fileSystemSynchronizedGroups = (
				5BBACAC82E79DF6700DEDC0A /* scopeUITests */,
			);
			name = scopeUITests;
			packageProductDependencies = (
			);
			productName = scopeUITests;
			productReference = 5BBACAC52E79DF6700DEDC0A /* scopeUITests.xctest */;
			productType = "com.apple.product-type.bundle.ui-testing";
		};
		5BBACAD02E79DF6700DEDC0A /* scope Extension */ = {
			isa = PBXNativeTarget;
			buildConfigurationList = 5BBACAEC2E79DF6700DEDC0A /* Build configuration list for PBXNativeTarget "scope Extension" */;
			buildPhases = (
				5BBACACD2E79DF6700DEDC0A /* Sources */,
				5BBACACE2E79DF6700DEDC0A /* Frameworks */,
				5BBACACF2E79DF6700DEDC0A /* Resources */,
			);
			buildRules = (
			);
			dependencies = (
			);
			fileSystemSynchronizedGroups = (
				5BBACAD52E79DF6700DEDC0A /* scope Extension */,
			);
			name = "scope Extension";
			packageProductDependencies = (
			);
			productName = "scope Extension";
			productReference = 5BBACAD12E79DF6700DEDC0A /* scope Extension.appex */;
			productType = "com.apple.product-type.app-extension";
		};
/* End PBXNativeTarget section */

/* Begin PBXProject section */
		5BBACA972E79DF6500DEDC0A /* Project object */ = {
			isa = PBXProject;
			attributes = {
				BuildIndependentTargetsInParallel = 1;
				LastSwiftUpdateCheck = 1640;
				LastUpgradeCheck = 1640;
				TargetAttributes = {
					5BBACA9E2E79DF6500DEDC0A = {
						CreatedOnToolsVersion = 16.4;
					};
					5BBACABA2E79DF6700DEDC0A = {
						CreatedOnToolsVersion = 16.4;
						TestTargetID = 5BBACA9E2E79DF6500DEDC0A;
					};
					5BBACAC42E79DF6700DEDC0A = {
						CreatedOnToolsVersion = 16.4;
						TestTargetID = 5BBACA9E2E79DF6500DEDC0A;
					};
					5BBACAD02E79DF6700DEDC0A = {
						CreatedOnToolsVersion = 16.4;
					};
				};
			};
			buildConfigurationList = 5BBACA9A2E79DF6500DEDC0A /* Build configuration list for PBXProject "scope" */;
			developmentRegion = en;
			hasScannedForEncodings = 0;
			knownRegions = (
				en,
				Base,
			);
			mainGroup = 5BBACA962E79DF6500DEDC0A;
			minimizedProjectReferenceProxies = 1;
			preferredProjectObjectVersion = 77;
			productRefGroup = 5BBACAA02E79DF6500DEDC0A /* Products */;
			projectDirPath = "";
			projectRoot = "";
			targets = (
				5BBACA9E2E79DF6500DEDC0A /* scope */,
				5BBACABA2E79DF6700DEDC0A /* scopeTests */,
				5BBACAC42E79DF6700DEDC0A /* scopeUITests */,
				5BBACAD02E79DF6700DEDC0A /* scope Extension */,
			);
		};
/* End PBXProject section */

/* Begin PBXResourcesBuildPhase section */
		5BBACA9D2E79DF6500DEDC0A /* Resources */ = {
			isa = PBXResourcesBuildPhase;
			buildActionMask = 2147483647;
			files = (
			);
			runOnlyForDeploymentPostprocessing = 0;
		};
		5BBACAB92E79DF6700DEDC0A /* Resources */ = {
			isa = PBXResourcesBuildPhase;
			buildActionMask = 2147483647;
			files = (
			);
			runOnlyForDeploymentPostprocessing = 0;
		};
		5BBACAC32E79DF6700DEDC0A /* Resources */ = {
			isa = PBXResourcesBuildPhase;
			buildActionMask = 2147483647;
			files = (
			);
			runOnlyForDeploymentPostprocessing = 0;
		};
		5BBACACF2E79DF6700DEDC0A /* Resources */ = {
			isa = PBXResourcesBuildPhase;
			buildActionMask = 2147483647;
			files = (
			);
			runOnlyForDeploymentPostprocessing = 0;
		};
/* End PBXResourcesBuildPhase section */

/* Begin PBXSourcesBuildPhase section */
		5BBACA9B2E79DF6500DEDC0A /* Sources */ = {
			isa = PBXSourcesBuildPhase;
			buildActionMask = 2147483647;
			files = (
			);
			runOnlyForDeploymentPostprocessing = 0;
		};
		5BBACAB72E79DF6700DEDC0A /* Sources */ = {
			isa = PBXSourcesBuildPhase;
			buildActionMask = 2147483647;
			files = (
			);
			runOnlyForDeploymentPostprocessing = 0;
		};
		5BBACAC12E79DF6700DEDC0A /* Sources */ = {
			isa = PBXSourcesBuildPhase;
			buildActionMask = 2147483647;
			files = (
			);
			runOnlyForDeploymentPostprocessing = 0;
		};
		5BBACACD2E79DF6700DEDC0A /* Sources */ = {
			isa = PBXSourcesBuildPhase;
			buildActionMask = 2147483647;
			files = (
			);
			runOnlyForDeploymentPostprocessing = 0;
		};
/* End PBXSourcesBuildPhase section */

/* Begin PBXTargetDependency section */
		5BBACABD2E79DF6700DEDC0A /* PBXTargetDependency */ = {
			isa = PBXTargetDependency;
			target = 5BBACA9E2E79DF6500DEDC0A /* scope */;
			targetProxy = 5BBACABC2E79DF6700DEDC0A /* PBXContainerItemProxy */;
		};
		5BBACAC72E79DF6700DEDC0A /* PBXTargetDependency */ = {
			isa = PBXTargetDependency;
			target = 5BBACA9E2E79DF6500DEDC0A /* scope */;
			targetProxy = 5BBACAC62E79DF6700DEDC0A /* PBXContainerItemProxy */;
		};
		5BBACAD42E79DF6700DEDC0A /* PBXTargetDependency */ = {
			isa = PBXTargetDependency;
			target = 5BBACAD02E79DF6700DEDC0A /* scope Extension */;
			targetProxy = 5BBACAD32E79DF6700DEDC0A /* PBXContainerItemProxy */;
		};
/* End PBXTargetDependency section */

/* Begin XCBuildConfiguration section */
		5BBACAED2E79DF6700DEDC0A /* Debug */ = {
			isa = XCBuildConfiguration;
			buildSettings = {
				CODE_SIGN_ENTITLEMENTS = "scope Extension/scope_Extension.entitlements";
				CODE_SIGN_STYLE = Automatic;
				CURRENT_PROJECT_VERSION = 1;
				DEVELOPMENT_TEAM = ZVGTVNUPVA;
				ENABLE_HARDENED_RUNTIME = YES;
				GENERATE_INFOPLIST_FILE = YES;
				INFOPLIST_FILE = "scope Extension/Info.plist";
				INFOPLIST_KEY_CFBundleDisplayName = "scope Extension";
				INFOPLIST_KEY_NSHumanReadableCopyright = "";
				LD_RUNPATH_SEARCH_PATHS = (
					"$(inherited)",
					"@executable_path/../Frameworks",
					"@executable_path/../../../../Frameworks",
				);
				MACOSX_DEPLOYMENT_TARGET = 10.14;
				MARKETING_VERSION = 1.0;
				OTHER_LDFLAGS = (
					"-framework",
					SafariServices,
				);
				PRODUCT_BUNDLE_IDENTIFIER = ordinary.scope.Extension;
				PRODUCT_NAME = "$(TARGET_NAME)";
				SKIP_INSTALL = YES;
				SWIFT_EMIT_LOC_STRINGS = YES;
				SWIFT_VERSION = 5.0;
			};
			name = Debug;
		};
		5BBACAEE2E79DF6700DEDC0A /* Release */ = {
			isa = XCBuildConfiguration;
			buildSettings = {
				CODE_SIGN_ENTITLEMENTS = "scope Extension/scope_Extension.entitlements";
				CODE_SIGN_STYLE = Automatic;
				CURRENT_PROJECT_VERSION = 1;
				DEVELOPMENT_TEAM = ZVGTVNUPVA;
				ENABLE_HARDENED_RUNTIME = YES;
				GENERATE_INFOPLIST_FILE = YES;
				INFOPLIST_FILE = "scope Extension/Info.plist";
				INFOPLIST_KEY_CFBundleDisplayName = "scope Extension";
				INFOPLIST_KEY_NSHumanReadableCopyright = "";
				LD_RUNPATH_SEARCH_PATHS = (
					"$(inherited)",
					"@executable_path/../Frameworks",
					"@executable_path/../../../../Frameworks",
				);
				MACOSX_DEPLOYMENT_TARGET = 10.14;
				MARKETING_VERSION = 1.0;
				OTHER_LDFLAGS = (
					"-framework",
					SafariServices,
				);
				PRODUCT_BUNDLE_IDENTIFIER = ordinary.scope.Extension;
				PRODUCT_NAME = "$(TARGET_NAME)";
				SKIP_INSTALL = YES;
				SWIFT_EMIT_LOC_STRINGS = YES;
				SWIFT_VERSION = 5.0;
			};
			name = Release;
		};
		5BBACAEF2E79DF6700DEDC0A /* Debug */ = {
			isa = XCBuildConfiguration;
			buildSettings = {
				ALWAYS_SEARCH_USER_PATHS = NO;
				ASSETCATALOG_COMPILER_GENERATE_SWIFT_ASSET_SYMBOL_EXTENSIONS = YES;
				CLANG_ANALYZER_NONNULL = YES;
				CLANG_ANALYZER_NUMBER_OBJECT_CONVERSION = YES_AGGRESSIVE;
				CLANG_CXX_LANGUAGE_STANDARD = "gnu++20";
				CLANG_ENABLE_MODULES = YES;
				CLANG_ENABLE_OBJC_ARC = YES;
				CLANG_ENABLE_OBJC_WEAK = YES;
				CLANG_WARN_BLOCK_CAPTURE_AUTORELEASING = YES;
				CLANG_WARN_BOOL_CONVERSION = YES;
				CLANG_WARN_COMMA = YES;
				CLANG_WARN_CONSTANT_CONVERSION = YES;
				CLANG_WARN_DEPRECATED_OBJC_IMPLEMENTATIONS = YES;
				CLANG_WARN_DIRECT_OBJC_ISA_USAGE = YES_ERROR;
				CLANG_WARN_DOCUMENTATION_COMMENTS = YES;
				CLANG_WARN_EMPTY_BODY = YES;
				CLANG_WARN_ENUM_CONVERSION = YES;
				CLANG_WARN_INFINITE_RECURSION = YES;
				CLANG_WARN_INT_CONVERSION = YES;
				CLANG_WARN_NON_LITERAL_NULL_CONVERSION = YES;
				CLANG_WARN_OBJC_IMPLICIT_RETAIN_SELF = YES;
				CLANG_WARN_OBJC_LITERAL_CONVERSION = YES;
				CLANG_WARN_OBJC_ROOT_CLASS = YES_ERROR;
				CLANG_WARN_QUOTED_INCLUDE_IN_FRAMEWORK_HEADER = YES;
				CLANG_WARN_RANGE_LOOP_ANALYSIS = YES;
				CLANG_WARN_STRICT_PROTOTYPES = YES;
				CLANG_WARN_SUSPICIOUS_MOVE = YES;
				CLANG_WARN_UNGUARDED_AVAILABILITY = YES_AGGRESSIVE;
				CLANG_WARN_UNREACHABLE_CODE = YES;
				CLANG_WARN__DUPLICATE_METHOD_MATCH = YES;
				COPY_PHASE_STRIP = NO;
				DEBUG_INFORMATION_FORMAT = dwarf;
				DEVELOPMENT_TEAM = ZVGTVNUPVA;
				ENABLE_STRICT_OBJC_MSGSEND = YES;
				ENABLE_TESTABILITY = YES;
				ENABLE_USER_SCRIPT_SANDBOXING = YES;
				GCC_C_LANGUAGE_STANDARD = gnu17;
				GCC_DYNAMIC_NO_PIC = NO;
				GCC_NO_COMMON_BLOCKS = YES;
				GCC_OPTIMIZATION_LEVEL = 0;
				GCC_PREPROCESSOR_DEFINITIONS = (
					"DEBUG=1",
					"$(inherited)",
				);
				GCC_WARN_64_TO_32_BIT_CONVERSION = YES;
				GCC_WARN_ABOUT_RETURN_TYPE = YES_ERROR;
				GCC_WARN_UNDECLARED_SELECTOR = YES;
				GCC_WARN_UNINITIALIZED_AUTOS = YES_AGGRESSIVE;
				GCC_WARN_UNUSED_FUNCTION = YES;
				GCC_WARN_UNUSED_VARIABLE = YES;
				LOCALIZATION_PREFERS_STRING_CATALOGS = YES;
				MACOSX_DEPLOYMENT_TARGET = 15.5;
				MTL_ENABLE_DEBUG_INFO = INCLUDE_SOURCE;
				MTL_FAST_MATH = YES;
				ONLY_ACTIVE_ARCH = YES;
				SDKROOT = macosx;
				SWIFT_ACTIVE_COMPILATION_CONDITIONS = "DEBUG $(inherited)";
				SWIFT_OPTIMIZATION_LEVEL = "-Onone";
			};
			name = Debug;
		};
		5BBACAF02E79DF6700DEDC0A /* Release */ = {
			isa = XCBuildConfiguration;
			buildSettings = {
				ALWAYS_SEARCH_USER_PATHS = NO;
				ASSETCATALOG_COMPILER_GENERATE_SWIFT_ASSET_SYMBOL_EXTENSIONS = YES;
				CLANG_ANALYZER_NONNULL = YES;
				CLANG_ANALYZER_NUMBER_OBJECT_CONVERSION = YES_AGGRESSIVE;
				CLANG_CXX_LANGUAGE_STANDARD = "gnu++20";
				CLANG_ENABLE_MODULES = YES;
				CLANG_ENABLE_OBJC_ARC = YES;
				CLANG_ENABLE_OBJC_WEAK = YES;
				CLANG_WARN_BLOCK_CAPTURE_AUTORELEASING = YES;
				CLANG_WARN_BOOL_CONVERSION = YES;
				CLANG_WARN_COMMA = YES;
				CLANG_WARN_CONSTANT_CONVERSION = YES;
				CLANG_WARN_DEPRECATED_OBJC_IMPLEMENTATIONS = YES;
				CLANG_WARN_DIRECT_OBJC_ISA_USAGE = YES_ERROR;
				CLANG_WARN_DOCUMENTATION_COMMENTS = YES;
				CLANG_WARN_EMPTY_BODY = YES;
				CLANG_WARN_ENUM_CONVERSION = YES;
				CLANG_WARN_INFINITE_RECURSION = YES;
				CLANG_WARN_INT_CONVERSION = YES;
				CLANG_WARN_NON_LITERAL_NULL_CONVERSION = YES;
				CLANG_WARN_OBJC_IMPLICIT_RETAIN_SELF = YES;
				CLANG_WARN_OBJC_LITERAL_CONVERSION = YES;
				CLANG_WARN_OBJC_ROOT_CLASS = YES_ERROR;
				CLANG_WARN_QUOTED_INCLUDE_IN_FRAMEWORK_HEADER = YES;
				CLANG_WARN_RANGE_LOOP_ANALYSIS = YES;
				CLANG_WARN_STRICT_PROTOTYPES = YES;
				CLANG_WARN_SUSPICIOUS_MOVE = YES;
				CLANG_WARN_UNGUARDED_AVAILABILITY = YES_AGGRESSIVE;
				CLANG_WARN_UNREACHABLE_CODE = YES;
				CLANG_WARN__DUPLICATE_METHOD_MATCH = YES;
				COPY_PHASE_STRIP = NO;
				DEBUG_INFORMATION_FORMAT = "dwarf-with-dsym";
				DEVELOPMENT_TEAM = ZVGTVNUPVA;
				ENABLE_NS_ASSERTIONS = NO;
				ENABLE_STRICT_OBJC_MSGSEND = YES;
				ENABLE_USER_SCRIPT_SANDBOXING = YES;
				GCC_C_LANGUAGE_STANDARD = gnu17;
				GCC_NO_COMMON_BLOCKS = YES;
				GCC_WARN_64_TO_32_BIT_CONVERSION = YES;
				GCC_WARN_ABOUT_RETURN_TYPE = YES_ERROR;
				GCC_WARN_UNDECLARED_SELECTOR = YES;
				GCC_WARN_UNINITIALIZED_AUTOS = YES_AGGRESSIVE;
				GCC_WARN_UNUSED_FUNCTION = YES;
				GCC_WARN_UNUSED_VARIABLE = YES;
				LOCALIZATION_PREFERS_STRING_CATALOGS = YES;
				MACOSX_DEPLOYMENT_TARGET = 15.5;
				MTL_ENABLE_DEBUG_INFO = NO;
				MTL_FAST_MATH = YES;
				SDKROOT = macosx;
				SWIFT_COMPILATION_MODE = wholemodule;
			};
			name = Release;
		};
		5BBACAF32E79DF6700DEDC0A /* Debug */ = {
			isa = XCBuildConfiguration;
			buildSettings = {
				ASSETCATALOG_COMPILER_APPICON_NAME = AppIcon;
				ASSETCATALOG_COMPILER_GLOBAL_ACCENT_COLOR_NAME = AccentColor;
				CODE_SIGN_ENTITLEMENTS = scope/scope.entitlements;
				CODE_SIGN_STYLE = Automatic;
				COMBINE_HIDPI_IMAGES = YES;
				CURRENT_PROJECT_VERSION = 1;
				DEVELOPMENT_TEAM = ZVGTVNUPVA;
				ENABLE_HARDENED_RUNTIME = YES;
				GENERATE_INFOPLIST_FILE = YES;
				INFOPLIST_KEY_CFBundleDisplayName = scope;
				INFOPLIST_KEY_NSHumanReadableCopyright = "";
				INFOPLIST_KEY_NSMainStoryboardFile = Main;
				INFOPLIST_KEY_NSPrincipalClass = NSApplication;
				LD_RUNPATH_SEARCH_PATHS = (
					"$(inherited)",
					"@executable_path/../Frameworks",
				);
				MACOSX_DEPLOYMENT_TARGET = 10.14;
				MARKETING_VERSION = 1.0;
				OTHER_LDFLAGS = (
					"-framework",
					SafariServices,
					"-framework",
					WebKit,
				);
				PRODUCT_BUNDLE_IDENTIFIER = ordinary.scope;
				PRODUCT_NAME = "$(TARGET_NAME)";
				REGISTER_APP_GROUPS = YES;
				SWIFT_EMIT_LOC_STRINGS = YES;
				SWIFT_VERSION = 5.0;
			};
			name = Debug;
		};
		5BBACAF42E79DF6700DEDC0A /* Release */ = {
			isa = XCBuildConfiguration;
			buildSettings = {
				ASSETCATALOG_COMPILER_APPICON_NAME = AppIcon;
				ASSETCATALOG_COMPILER_GLOBAL_ACCENT_COLOR_NAME = AccentColor;
				CODE_SIGN_ENTITLEMENTS = scope/scope.entitlements;
				CODE_SIGN_STYLE = Automatic;
				COMBINE_HIDPI_IMAGES = YES;
				CURRENT_PROJECT_VERSION = 1;
				DEVELOPMENT_TEAM = ZVGTVNUPVA;
				ENABLE_HARDENED_RUNTIME = YES;
				GENERATE_INFOPLIST_FILE = YES;
				INFOPLIST_KEY_CFBundleDisplayName = scope;
				INFOPLIST_KEY_NSHumanReadableCopyright = "";
				INFOPLIST_KEY_NSMainStoryboardFile = Main;
				INFOPLIST_KEY_NSPrincipalClass = NSApplication;
				LD_RUNPATH_SEARCH_PATHS = (
					"$(inherited)",
					"@executable_path/../Frameworks",
				);
				MACOSX_DEPLOYMENT_TARGET = 10.14;
				MARKETING_VERSION = 1.0;
				OTHER_LDFLAGS = (
					"-framework",
					SafariServices,
					"-framework",
					WebKit,
				);
				PRODUCT_BUNDLE_IDENTIFIER = ordinary.scope;
				PRODUCT_NAME = "$(TARGET_NAME)";
				REGISTER_APP_GROUPS = YES;
				SWIFT_EMIT_LOC_STRINGS = YES;
				SWIFT_VERSION = 5.0;
			};
			name = Release;
		};
		5BBACAF62E79DF6700DEDC0A /* Debug */ = {
			isa = XCBuildConfiguration;
			buildSettings = {
				BUNDLE_LOADER = "$(TEST_HOST)";
				CODE_SIGN_STYLE = Automatic;
				CURRENT_PROJECT_VERSION = 1;
				DEVELOPMENT_TEAM = ZVGTVNUPVA;
				GENERATE_INFOPLIST_FILE = YES;
				MACOSX_DEPLOYMENT_TARGET = 10.14;
				MARKETING_VERSION = 1.0;
				PRODUCT_BUNDLE_IDENTIFIER = ordinary.scopeTests;
				PRODUCT_NAME = "$(TARGET_NAME)";
				SWIFT_EMIT_LOC_STRINGS = NO;
				SWIFT_VERSION = 5.0;
				TEST_HOST = "$(BUILT_PRODUCTS_DIR)/scope.app/$(BUNDLE_EXECUTABLE_FOLDER_PATH)/scope";
			};
			name = Debug;
		};
		5BBACAF72E79DF6700DEDC0A /* Release */ = {
			isa = XCBuildConfiguration;
			buildSettings = {
				BUNDLE_LOADER = "$(TEST_HOST)";
				CODE_SIGN_STYLE = Automatic;
				CURRENT_PROJECT_VERSION = 1;
				DEVELOPMENT_TEAM = ZVGTVNUPVA;
				GENERATE_INFOPLIST_FILE = YES;
				MACOSX_DEPLOYMENT_TARGET = 10.14;
				MARKETING_VERSION = 1.0;
				PRODUCT_BUNDLE_IDENTIFIER = ordinary.scopeTests;
				PRODUCT_NAME = "$(TARGET_NAME)";
				SWIFT_EMIT_LOC_STRINGS = NO;
				SWIFT_VERSION = 5.0;
				TEST_HOST = "$(BUILT_PRODUCTS_DIR)/scope.app/$(BUNDLE_EXECUTABLE_FOLDER_PATH)/scope";
			};
			name = Release;
		};
		5BBACAF92E79DF6700DEDC0A /* Debug */ = {
			isa = XCBuildConfiguration;
			buildSettings = {
				CODE_SIGN_STYLE = Automatic;
				CURRENT_PROJECT_VERSION = 1;
				DEVELOPMENT_TEAM = ZVGTVNUPVA;
				GENERATE_INFOPLIST_FILE = YES;
				MARKETING_VERSION = 1.0;
				PRODUCT_BUNDLE_IDENTIFIER = ordinary.scopeUITests;
				PRODUCT_NAME = "$(TARGET_NAME)";
				SWIFT_EMIT_LOC_STRINGS = NO;
				SWIFT_VERSION = 5.0;
				TEST_TARGET_NAME = scope;
			};
			name = Debug;
		};
		5BBACAFA2E79DF6700DEDC0A /* Release */ = {
			isa = XCBuildConfiguration;
			buildSettings = {
				CODE_SIGN_STYLE = Automatic;
				CURRENT_PROJECT_VERSION = 1;
				DEVELOPMENT_TEAM = ZVGTVNUPVA;
				GENERATE_INFOPLIST_FILE = YES;
				MARKETING_VERSION = 1.0;
				PRODUCT_BUNDLE_IDENTIFIER = ordinary.scopeUITests;
				PRODUCT_NAME = "$(TARGET_NAME)";
				SWIFT_EMIT_LOC_STRINGS = NO;
				SWIFT_VERSION = 5.0;
				TEST_TARGET_NAME = scope;
			};
			name = Release;
		};
/* End XCBuildConfiguration section */

/* Begin XCConfigurationList section */
		5BBACA9A2E79DF6500DEDC0A /* Build configuration list for PBXProject "scope" */ = {
			isa = XCConfigurationList;
			buildConfigurations = (
				5BBACAEF2E79DF6700DEDC0A /* Debug */,
				5BBACAF02E79DF6700DEDC0A /* Release */,
			);
			defaultConfigurationIsVisible = 0;
			defaultConfigurationName = Release;
		};
		5BBACAEC2E79DF6700DEDC0A /* Build configuration list for PBXNativeTarget "scope Extension" */ = {
			isa = XCConfigurationList;
			buildConfigurations = (
				5BBACAED2E79DF6700DEDC0A /* Debug */,
				5BBACAEE2E79DF6700DEDC0A /* Release */,
			);
			defaultConfigurationIsVisible = 0;
			defaultConfigurationName = Release;
		};
		5BBACAF22E79DF6700DEDC0A /* Build configuration list for PBXNativeTarget "scope" */ = {
			isa = XCConfigurationList;
			buildConfigurations = (
				5BBACAF32E79DF6700DEDC0A /* Debug */,
				5BBACAF42E79DF6700DEDC0A /* Release */,
			);
			defaultConfigurationIsVisible = 0;
			defaultConfigurationName = Release;
		};
		5BBACAF52E79DF6700DEDC0A /* Build configuration list for PBXNativeTarget "scopeTests" */ = {
			isa = XCConfigurationList;
			buildConfigurations = (
				5BBACAF62E79DF6700DEDC0A /* Debug */,
				5BBACAF72E79DF6700DEDC0A /* Release */,
			);
			defaultConfigurationIsVisible = 0;
			defaultConfigurationName = Release;
		};
		5BBACAF82E79DF6700DEDC0A /* Build configuration list for PBXNativeTarget "scopeUITests" */ = {
			isa = XCConfigurationList;
			buildConfigurations = (
				5BBACAF92E79DF6700DEDC0A /* Debug */,
				5BBACAFA2E79DF6700DEDC0A /* Release */,
			);
			defaultConfigurationIsVisible = 0;
			defaultConfigurationName = Release;
		};
/* End XCConfigurationList section */
	};
	rootObject = 5BBACA972E79DF6500DEDC0A /* Project object */;
}
